// !$*UTF8*$!
{
	archiveVersion = 1;
	classes = {
	};
	objectVersion = 46;
	objects = {

/* Begin PBXBuildFile section */
		539AD2FB1E2FD839008D3F67 /* AjoutViewController.swift in Sources */ = {isa = PBXBuildFile; fileRef = 539AD2FA1E2FD839008D3F67 /* AjoutViewController.swift */; };
		53A12E851E3A32D40017EB6A /* Settings.bundle in Resources */ = {isa = PBXBuildFile; fileRef = 53A12E841E3A32D40017EB6A /* Settings.bundle */; };
		53A12E891E3A66E50017EB6A /* StatsViewController.swift in Sources */ = {isa = PBXBuildFile; fileRef = 53A12E881E3A66E50017EB6A /* StatsViewController.swift */; };
		53A781341E34891000080217 /* CoreData.swift in Sources */ = {isa = PBXBuildFile; fileRef = 53A781331E34891000080217 /* CoreData.swift */; };
		53D483411E2F67760026B32C /* AppDelegate.swift in Sources */ = {isa = PBXBuildFile; fileRef = 53D483401E2F67760026B32C /* AppDelegate.swift */; };
		53D483431E2F67760026B32C /* ViewController.swift in Sources */ = {isa = PBXBuildFile; fileRef = 53D483421E2F67760026B32C /* ViewController.swift */; };
		53D483461E2F67760026B32C /* Main.storyboard in Resources */ = {isa = PBXBuildFile; fileRef = 53D483441E2F67760026B32C /* Main.storyboard */; };
		53D483481E2F67760026B32C /* Assets.xcassets in Resources */ = {isa = PBXBuildFile; fileRef = 53D483471E2F67760026B32C /* Assets.xcassets */; };
		53D4834B1E2F67760026B32C /* LaunchScreen.storyboard in Resources */ = {isa = PBXBuildFile; fileRef = 53D483491E2F67760026B32C /* LaunchScreen.storyboard */; };
		53D483531E2F7E100026B32C /* TableViewCell.swift in Sources */ = {isa = PBXBuildFile; fileRef = 53D483521E2F7E100026B32C /* TableViewCell.swift */; };
		53E817401E42426600D113E3 /* AideViewController.swift in Sources */ = {isa = PBXBuildFile; fileRef = 53E8173F1E42426600D113E3 /* AideViewController.swift */; };
		53FAB8241E3497A80007ADCE /* Model.xcdatamodeld in Sources */ = {isa = PBXBuildFile; fileRef = 53FAB8221E3497A80007ADCE /* Model.xcdatamodeld */; };
/* End PBXBuildFile section */

/* Begin PBXFileReference section */
		539AD2FA1E2FD839008D3F67 /* AjoutViewController.swift */ = {isa = PBXFileReference; fileEncoding = 4; lastKnownFileType = sourcecode.swift; path = AjoutViewController.swift; sourceTree = "<group>"; };
		53A12E841E3A32D40017EB6A /* Settings.bundle */ = {isa = PBXFileReference; lastKnownFileType = "wrapper.plug-in"; path = Settings.bundle; sourceTree = "<group>"; };
		53A12E881E3A66E50017EB6A /* StatsViewController.swift */ = {isa = PBXFileReference; fileEncoding = 4; lastKnownFileType = sourcecode.swift; path = StatsViewController.swift; sourceTree = "<group>"; };
		53A781331E34891000080217 /* CoreData.swift */ = {isa = PBXFileReference; fileEncoding = 4; lastKnownFileType = sourcecode.swift; path = CoreData.swift; sourceTree = "<group>"; };
		53D4833D1E2F67760026B32C /* Toi & Moi.app */ = {isa = PBXFileReference; explicitFileType = wrapper.application; includeInIndex = 0; path = "Toi & Moi.app"; sourceTree = BUILT_PRODUCTS_DIR; };
		53D483401E2F67760026B32C /* AppDelegate.swift */ = {isa = PBXFileReference; lastKnownFileType = sourcecode.swift; path = AppDelegate.swift; sourceTree = "<group>"; };
		53D483421E2F67760026B32C /* ViewController.swift */ = {isa = PBXFileReference; lastKnownFileType = sourcecode.swift; path = ViewController.swift; sourceTree = "<group>"; };
		53D483451E2F67760026B32C /* Base */ = {isa = PBXFileReference; lastKnownFileType = file.storyboard; name = Base; path = Base.lproj/Main.storyboard; sourceTree = "<group>"; };
		53D483471E2F67760026B32C /* Assets.xcassets */ = {isa = PBXFileReference; lastKnownFileType = folder.assetcatalog; path = Assets.xcassets; sourceTree = "<group>"; };
		53D4834A1E2F67760026B32C /* Base */ = {isa = PBXFileReference; lastKnownFileType = file.storyboard; name = Base; path = Base.lproj/LaunchScreen.storyboard; sourceTree = "<group>"; };
		53D4834C1E2F67760026B32C /* Info.plist */ = {isa = PBXFileReference; lastKnownFileType = text.plist.xml; path = Info.plist; sourceTree = "<group>"; };
		53D483521E2F7E100026B32C /* TableViewCell.swift */ = {isa = PBXFileReference; fileEncoding = 4; lastKnownFileType = sourcecode.swift; path = TableViewCell.swift; sourceTree = "<group>"; };
		53E8173F1E42426600D113E3 /* AideViewController.swift */ = {isa = PBXFileReference; fileEncoding = 4; lastKnownFileType = sourcecode.swift; path = AideViewController.swift; sourceTree = "<group>"; };
		53FAB8231E3497A80007ADCE /* Model.xcdatamodel */ = {isa = PBXFileReference; lastKnownFileType = wrapper.xcdatamodel; path = Model.xcdatamodel; sourceTree = "<group>"; };
/* End PBXFileReference section */

/* Begin PBXFrameworksBuildPhase section */
		53D4833A1E2F67760026B32C /* Frameworks */ = {
			isa = PBXFrameworksBuildPhase;
			buildActionMask = 2147483647;
			files = (
			);
			runOnlyForDeploymentPostprocessing = 0;
		};
/* End PBXFrameworksBuildPhase section */

/* Begin PBXGroup section */
		53D483341E2F67760026B32C = {
			isa = PBXGroup;
			children = (
				53D4833F1E2F67760026B32C /* Toi & Moi */,
				53D4833E1E2F67760026B32C /* Products */,
			);
			sourceTree = "<group>";
		};
		53D4833E1E2F67760026B32C /* Products */ = {
			isa = PBXGroup;
			children = (
				53D4833D1E2F67760026B32C /* Toi & Moi.app */,
			);
			name = Products;
			sourceTree = "<group>";
		};
		53D4833F1E2F67760026B32C /* Toi & Moi */ = {
			isa = PBXGroup;
			children = (
				53D483401E2F67760026B32C /* AppDelegate.swift */,
				53E8173F1E42426600D113E3 /* AideViewController.swift */,
				53D483421E2F67760026B32C /* ViewController.swift */,
				539AD2FA1E2FD839008D3F67 /* AjoutViewController.swift */,
				53D483521E2F7E100026B32C /* TableViewCell.swift */,
				53A781331E34891000080217 /* CoreData.swift */,
				53A12E881E3A66E50017EB6A /* StatsViewController.swift */,
				53D483441E2F67760026B32C /* Main.storyboard */,
				53D483471E2F67760026B32C /* Assets.xcassets */,
				53D483491E2F67760026B32C /* LaunchScreen.storyboard */,
				53D4834C1E2F67760026B32C /* Info.plist */,
				53FAB8221E3497A80007ADCE /* Model.xcdatamodeld */,
				53A12E841E3A32D40017EB6A /* Settings.bundle */,
			);
			path = "Toi & Moi";
			sourceTree = "<group>";
		};
/* End PBXGroup section */

/* Begin PBXNativeTarget section */
		53D4833C1E2F67760026B32C /* Toi & Moi */ = {
			isa = PBXNativeTarget;
			buildConfigurationList = 53D4834F1E2F67760026B32C /* Build configuration list for PBXNativeTarget "Toi & Moi" */;
			buildPhases = (
				53D483391E2F67760026B32C /* Sources */,
				53D4833A1E2F67760026B32C /* Frameworks */,
				53D4833B1E2F67760026B32C /* Resources */,
			);
			buildRules = (
			);
			dependencies = (
			);
			name = "Toi & Moi";
			productName = test;
			productReference = 53D4833D1E2F67760026B32C /* Toi & Moi.app */;
			productType = "com.apple.product-type.application";
		};
/* End PBXNativeTarget section */

/* Begin PBXProject section */
		53D483351E2F67760026B32C /* Project object */ = {
			isa = PBXProject;
			attributes = {
				LastSwiftUpdateCheck = 0820;
				LastUpgradeCheck = 0820;
				ORGANIZATIONNAME = "Michel Garlandat";
				TargetAttributes = {
					53D4833C1E2F67760026B32C = {
						CreatedOnToolsVersion = 8.2.1;
						DevelopmentTeam = 4M6WBM2XB7;
						ProvisioningStyle = Automatic;
					};
				};
			};
			buildConfigurationList = 53D483381E2F67760026B32C /* Build configuration list for PBXProject "Toi & Moi" */;
			compatibilityVersion = "Xcode 3.2";
			developmentRegion = English;
			hasScannedForEncodings = 0;
			knownRegions = (
				en,
				Base,
			);
			mainGroup = 53D483341E2F67760026B32C;
			productRefGroup = 53D4833E1E2F67760026B32C /* Products */;
			projectDirPath = "";
			projectRoot = "";
			targets = (
				53D4833C1E2F67760026B32C /* Toi & Moi */,
			);
		};
/* End PBXProject section */

/* Begin PBXResourcesBuildPhase section */
		53D4833B1E2F67760026B32C /* Resources */ = {
			isa = PBXResourcesBuildPhase;
			buildActionMask = 2147483647;
			files = (
				53A12E851E3A32D40017EB6A /* Settings.bundle in Resources */,
				53D4834B1E2F67760026B32C /* LaunchScreen.storyboard in Resources */,
				53D483481E2F67760026B32C /* Assets.xcassets in Resources */,
				53D483461E2F67760026B32C /* Main.storyboard in Resources */,
			);
			runOnlyForDeploymentPostprocessing = 0;
		};
/* End PBXResourcesBuildPhase section */

/* Begin PBXSourcesBuildPhase section */
		53D483391E2F67760026B32C /* Sources */ = {
			isa = PBXSourcesBuildPhase;
			buildActionMask = 2147483647;
			files = (
				53D483531E2F7E100026B32C /* TableViewCell.swift in Sources */,
				53D483431E2F67760026B32C /* ViewController.swift in Sources */,
				53D483411E2F67760026B32C /* AppDelegate.swift in Sources */,
				53FAB8241E3497A80007ADCE /* Model.xcdatamodeld in Sources */,
				53A12E891E3A66E50017EB6A /* StatsViewController.swift in Sources */,
				53E817401E42426600D113E3 /* AideViewController.swift in Sources */,
				53A781341E34891000080217 /* CoreData.swift in Sources */,
				539AD2FB1E2FD839008D3F67 /* AjoutViewController.swift in Sources */,
			);
			runOnlyForDeploymentPostprocessing = 0;
		};
/* End PBXSourcesBuildPhase section */

/* Begin PBXVariantGroup section */
		53D483441E2F67760026B32C /* Main.storyboard */ = {
			isa = PBXVariantGroup;
			children = (
				53D483451E2F67760026B32C /* Base */,
			);
			name = Main.storyboard;
			sourceTree = "<group>";
		};
		53D483491E2F67760026B32C /* LaunchScreen.storyboard */ = {
			isa = PBXVariantGroup;
			children = (
				53D4834A1E2F67760026B32C /* Base */,
			);
			name = LaunchScreen.storyboard;
			sourceTree = "<group>";
		};
/* End PBXVariantGroup section */

/* Begin XCBuildConfiguration section */
		53D4834D1E2F67760026B32C /* Debug */ = {
			isa = XCBuildConfiguration;
			buildSettings = {
				ALWAYS_SEARCH_USER_PATHS = NO;
				CLANG_ANALYZER_NONNULL = YES;
				CLANG_CXX_LANGUAGE_STANDARD = "gnu++0x";
				CLANG_CXX_LIBRARY = "libc++";
				CLANG_ENABLE_MODULES = YES;
				CLANG_ENABLE_OBJC_ARC = YES;
				CLANG_WARN_BOOL_CONVERSION = YES;
				CLANG_WARN_CONSTANT_CONVERSION = YES;
				CLANG_WARN_DIRECT_OBJC_ISA_USAGE = YES_ERROR;
				CLANG_WARN_DOCUMENTATION_COMMENTS = YES;
				CLANG_WARN_EMPTY_BODY = YES;
				CLANG_WARN_ENUM_CONVERSION = YES;
				CLANG_WARN_INFINITE_RECURSION = YES;
				CLANG_WARN_INT_CONVERSION = YES;
				CLANG_WARN_OBJC_ROOT_CLASS = YES_ERROR;
				CLANG_WARN_SUSPICIOUS_MOVE = YES;
				CLANG_WARN_UNREACHABLE_CODE = YES;
				CLANG_WARN__DUPLICATE_METHOD_MATCH = YES;
				"CODE_SIGN_IDENTITY[sdk=iphoneos*]" = "iPhone Developer";
				COPY_PHASE_STRIP = NO;
				DEBUG_INFORMATION_FORMAT = dwarf;
				ENABLE_STRICT_OBJC_MSGSEND = YES;
				ENABLE_TESTABILITY = YES;
				GCC_C_LANGUAGE_STANDARD = gnu99;
				GCC_DYNAMIC_NO_PIC = NO;
				GCC_NO_COMMON_BLOCKS = YES;
				GCC_OPTIMIZATION_LEVEL = 0;
				GCC_PREPROCESSOR_DEFINITIONS = (
					"DEBUG=1",
					"$(inherited)",
				);
				GCC_WARN_64_TO_32_BIT_CONVERSION = YES;
				GCC_WARN_ABOUT_RETURN_TYPE = YES_ERROR;
				GCC_WARN_UNDECLARED_SELECTOR = YES;
				GCC_WARN_UNINITIALIZED_AUTOS = YES_AGGRESSIVE;
				GCC_WARN_UNUSED_FUNCTION = YES;
				GCC_WARN_UNUSED_VARIABLE = YES;
				IPHONEOS_DEPLOYMENT_TARGET = 10.2;
				MTL_ENABLE_DEBUG_INFO = YES;
				ONLY_ACTIVE_ARCH = YES;
				SDKROOT = iphoneos;
				SWIFT_ACTIVE_COMPILATION_CONDITIONS = DEBUG;
				SWIFT_OPTIMIZATION_LEVEL = "-Onone";
				TARGETED_DEVICE_FAMILY = "1,2";
			};
			name = Debug;
		};
		53D4834E1E2F67760026B32C /* Release */ = {
			isa = XCBuildConfiguration;
			buildSettings = {
				ALWAYS_SEARCH_USER_PATHS = NO;
				CLANG_ANALYZER_NONNULL = YES;
				CLANG_CXX_LANGUAGE_STANDARD = "gnu++0x";
				CLANG_CXX_LIBRARY = "libc++";
				CLANG_ENABLE_MODULES = YES;
				CLANG_ENABLE_OBJC_ARC = YES;
				CLANG_WARN_BOOL_CONVERSION = YES;
				CLANG_WARN_CONSTANT_CONVERSION = YES;
				CLANG_WARN_DIRECT_OBJC_ISA_USAGE = YES_ERROR;
				CLANG_WARN_DOCUMENTATION_COMMENTS = YES;
				CLANG_WARN_EMPTY_BODY = YES;
				CLANG_WARN_ENUM_CONVERSION = YES;
				CLANG_WARN_INFINITE_RECURSION = YES;
				CLANG_WARN_INT_CONVERSION = YES;
				CLANG_WARN_OBJC_ROOT_CLASS = YES_ERROR;
				CLANG_WARN_SUSPICIOUS_MOVE = YES;
				CLANG_WARN_UNREACHABLE_CODE = YES;
				CLANG_WARN__DUPLICATE_METHOD_MATCH = YES;
				"CODE_SIGN_IDENTITY[sdk=iphoneos*]" = "iPhone Developer";
				COPY_PHASE_STRIP = NO;
				DEBUG_INFORMATION_FORMAT = "dwarf-with-dsym";
				ENABLE_NS_ASSERTIONS = NO;
				ENABLE_STRICT_OBJC_MSGSEND = YES;
				GCC_C_LANGUAGE_STANDARD = gnu99;
				GCC_NO_COMMON_BLOCKS = YES;
				GCC_WARN_64_TO_32_BIT_CONVERSION = YES;
				GCC_WARN_ABOUT_RETURN_TYPE = YES_ERROR;
				GCC_WARN_UNDECLARED_SELECTOR = YES;
				GCC_WARN_UNINITIALIZED_AUTOS = YES_AGGRESSIVE;
				GCC_WARN_UNUSED_FUNCTION = YES;
				GCC_WARN_UNUSED_VARIABLE = YES;
				IPHONEOS_DEPLOYMENT_TARGET = 10.2;
				MTL_ENABLE_DEBUG_INFO = NO;
				SDKROOT = iphoneos;
				SWIFT_OPTIMIZATION_LEVEL = "-Owholemodule";
				TARGETED_DEVICE_FAMILY = "1,2";
				VALIDATE_PRODUCT = YES;
			};
			name = Release;
		};
		53D483501E2F67760026B32C /* Debug */ = {
			isa = XCBuildConfiguration;
			buildSettings = {
				ASSETCATALOG_COMPILER_APPICON_NAME = AppIcon;
				DEVELOPMENT_TEAM = 4M6WBM2XB7;
				INFOPLIST_FILE = "Toi & Moi/Info.plist";
				LD_RUNPATH_SEARCH_PATHS = "$(inherited) @executable_path/Frameworks";
				PRODUCT_BUNDLE_IDENTIFIER = "com.michel.garlandat.Toi---Moi";
				PRODUCT_NAME = "$(TARGET_NAME)";
				SWIFT_VERSION = 3.0;
			};
			name = Debug;
		};
		53D483511E2F67760026B32C /* Release */ = {
			isa = XCBuildConfiguration;
			buildSettings = {
				ASSETCATALOG_COMPILER_APPICON_NAME = AppIcon;
				DEVELOPMENT_TEAM = 4M6WBM2XB7;
				INFOPLIST_FILE = "Toi & Moi/Info.plist";
				LD_RUNPATH_SEARCH_PATHS = "$(inherited) @executable_path/Frameworks";
				PRODUCT_BUNDLE_IDENTIFIER = "com.michel.garlandat.Toi---Moi";
				PRODUCT_NAME = "$(TARGET_NAME)";
				SWIFT_VERSION = 3.0;
			};
			name = Release;
		};
/* End XCBuildConfiguration section */

/* Begin XCConfigurationList section */
		53D483381E2F67760026B32C /* Build configuration list for PBXProject "Toi & Moi" */ = {
			isa = XCConfigurationList;
			buildConfigurations = (
				53D4834D1E2F67760026B32C /* Debug */,
				53D4834E1E2F67760026B32C /* Release */,
			);
			defaultConfigurationIsVisible = 0;
			defaultConfigurationName = Release;
		};
		53D4834F1E2F67760026B32C /* Build configuration list for PBXNativeTarget "Toi & Moi" */ = {
			isa = XCConfigurationList;
			buildConfigurations = (
				53D483501E2F67760026B32C /* Debug */,
				53D483511E2F67760026B32C /* Release */,
			);
			defaultConfigurationIsVisible = 0;
			defaultConfigurationName = Release;
		};
/* End XCConfigurationList section */

/* Begin XCVersionGroup section */
		53FAB8221E3497A80007ADCE /* Model.xcdatamodeld */ = {
			isa = XCVersionGroup;
			children = (
				53FAB8231E3497A80007ADCE /* Model.xcdatamodel */,
			);
			currentVersion = 53FAB8231E3497A80007ADCE /* Model.xcdatamodel */;
			path = Model.xcdatamodeld;
			sourceTree = "<group>";
			versionGroupType = wrapper.xcdatamodel;
		};
/* End XCVersionGroup section */
	};
	rootObject = 53D483351E2F67760026B32C /* Project object */;
}
